
Microsoft Visual Studio Solution File, Format Version 12.00
# Visual Studio Version 17
VisualStudioVersion = 17.5.002.0
MinimumVisualStudioVersion = 10.0.40219.1
Project("{9A19103F-16F7-4668-BE54-9A1E7A4F7556}") = "efcoreApp", "efcoreApp.csproj", "{783CE4FA-EDDC-48CE-892D-32140D0B6A1D}"
EndProject
Global
	GlobalSection(SolutionConfigurationPlatforms) = preSolution
		Debug|Any CPU = Debug|Any CPU
		Release|Any CPU = Release|Any CPU
	EndGlobalSection
	GlobalSection(ProjectConfigurationPlatforms) = postSolution
		{783CE4FA-EDDC-48CE-892D-32140D0B6A1D}.Debug|Any CPU.ActiveCfg = Debug|Any CPU
		{783CE4FA-EDDC-48CE-892D-32140D0B6A1D}.Debug|Any CPU.Build.0 = Debug|Any CPU
		{783CE4FA-EDDC-48CE-892D-32140D0B6A1D}.Release|Any CPU.ActiveCfg = Release|Any CPU
		{783CE4FA-EDDC-48CE-892D-32140D0B6A1D}.Release|Any CPU.Build.0 = Release|Any CPU
	EndGlobalSection
	GlobalSection(SolutionProperties) = preSolution
		HideSolutionNode = FALSE
	EndGlobalSection
	GlobalSection(ExtensibilityGlobals) = postSolution
		SolutionGuid = {21A84495-3F83-4674-8D7C-BE5189220C74}
	EndGlobalSection
EndGlobal
